
Microsoft Visual Studio Solution File, Format Version 12.00
# Visual Studio Version 17
VisualStudioVersion = 17.0.31903.59
MinimumVisualStudioVersion = 10.0.40219.1
Project("{FAE04EC0-301F-11D3-BF4B-00C04F79EFBC}") = "API", "API\API.csproj", "{021B87DB-A7FA-46E9-B242-09B0E1BEAA11}"
EndProject
Project("{FAE04EC0-301F-11D3-BF4B-00C04F79EFBC}") = "Core", "Core\Core.csproj", "{0E44707F-FD1A-484A-BE53-2A3A8C08E260}"
EndProject
Project("{FAE04EC0-301F-11D3-BF4B-00C04F79EFBC}") = "Infractucture", "Infractucture\Infractucture.csproj", "{989BAC4B-C4C8-46B4-B1D7-E092BFECA412}"
EndProject
Global
	GlobalSection(SolutionConfigurationPlatforms) = preSolution
		Debug|Any CPU = Debug|Any CPU
		Release|Any CPU = Release|Any CPU
	EndGlobalSection
	GlobalSection(SolutionProperties) = preSolution
		HideSolutionNode = FALSE
	EndGlobalSection
	GlobalSection(ProjectConfigurationPlatforms) = postSolution
		{021B87DB-A7FA-46E9-B242-09B0E1BEAA11}.Debug|Any CPU.ActiveCfg = Debug|Any CPU
		{021B87DB-A7FA-46E9-B242-09B0E1BEAA11}.Debug|Any CPU.Build.0 = Debug|Any CPU
		{021B87DB-A7FA-46E9-B242-09B0E1BEAA11}.Release|Any CPU.ActiveCfg = Release|Any CPU
		{021B87DB-A7FA-46E9-B242-09B0E1BEAA11}.Release|Any CPU.Build.0 = Release|Any CPU
		{0E44707F-FD1A-484A-BE53-2A3A8C08E260}.Debug|Any CPU.ActiveCfg = Debug|Any CPU
		{0E44707F-FD1A-484A-BE53-2A3A8C08E260}.Debug|Any CPU.Build.0 = Debug|Any CPU
		{0E44707F-FD1A-484A-BE53-2A3A8C08E260}.Release|Any CPU.ActiveCfg = Release|Any CPU
		{0E44707F-FD1A-484A-BE53-2A3A8C08E260}.Release|Any CPU.Build.0 = Release|Any CPU
		{989BAC4B-C4C8-46B4-B1D7-E092BFECA412}.Debug|Any CPU.ActiveCfg = Debug|Any CPU
		{989BAC4B-C4C8-46B4-B1D7-E092BFECA412}.Debug|Any CPU.Build.0 = Debug|Any CPU
		{989BAC4B-C4C8-46B4-B1D7-E092BFECA412}.Release|Any CPU.ActiveCfg = Release|Any CPU
		{989BAC4B-C4C8-46B4-B1D7-E092BFECA412}.Release|Any CPU.Build.0 = Release|Any CPU
	EndGlobalSection
EndGlobal
